// !$*UTF8*$!
{
	archiveVersion = 1;
	classes = {
	};
	objectVersion = 46;
	objects = {

/* Begin PBXGroup section */
		5B2E8BC41871A23B008AC4B1 = {
			isa = PBXGroup;
			children = (
			);
			sourceTree = "<group>";
		};
/* End PBXGroup section */

/* Begin PBXProject section */
		5B2E8BC51871A23B008AC4B1 /* Project object */ = {
			isa = PBXProject;
			attributes = {
				LastUpgradeCheck = 0500;
			};
			buildConfigurationList = 5B2E8BC81871A23B008AC4B1 /* Build configuration list for PBXProject "Objective-Chain" */;
			compatibilityVersion = "Xcode 3.2";
			developmentRegion = English;
			hasScannedForEncodings = 0;
			knownRegions = (
				en,
			);
			mainGroup = 5B2E8BC41871A23B008AC4B1;
			projectDirPath = "";
			projectRoot = "";
			targets = (
			);
		};
/* End PBXProject section */

/* Begin XCBuildConfiguration section */
		5B2E8BC91871A23B008AC4B1 /* Debug */ = {
			isa = XCBuildConfiguration;
			buildSettings = {
			};
			name = Debug;
		};
		5B2E8BCA1871A23B008AC4B1 /* Release */ = {
			isa = XCBuildConfiguration;
			buildSettings = {
			};
			name = Release;
		};
/* End XCBuildConfiguration section */

/* Begin XCConfigurationList section */
		5B2E8BC81871A23B008AC4B1 /* Build configuration list for PBXProject "Objective-Chain" */ = {
			isa = XCConfigurationList;
			buildConfigurations = (
				5B2E8BC91871A23B008AC4B1 /* Debug */,
				5B2E8BCA1871A23B008AC4B1 /* Release */,
			);
			defaultConfigurationIsVisible = 0;
			defaultConfigurationName = Release;
		};
/* End XCConfigurationList section */
	};
	rootObject = 5B2E8BC51871A23B008AC4B1 /* Project object */;
}
