// !$*UTF8*$!
{
	archiveVersion = 1;
	classes = {
	};
	objectVersion = 46;
	objects = {

/* Begin PBXBuildFile section */
		5B097E221871AE6D006240D8 /* OCAConnection.m in Sources */ = {isa = PBXBuildFile; fileRef = 5B097E211871AE6D006240D8 /* OCAConnection.m */; };
		5B097E281871B0C1006240D8 /* OCAProducer.m in Sources */ = {isa = PBXBuildFile; fileRef = 5B097E271871B0C1006240D8 /* OCAProducer.m */; };
		5B097E441871BE01006240D8 /* XCTest.framework in Frameworks */ = {isa = PBXBuildFile; fileRef = 5B4F85AF1871A4DC004695DA /* XCTest.framework */; };
		5B097E481871BE01006240D8 /* libObjectiveChain-OSX.a in Frameworks */ = {isa = PBXBuildFile; fileRef = 5B097E321871BE01006240D8 /* libObjectiveChain-OSX.a */; };
		5B097E571871BEA1006240D8 /* OCAObject.m in Sources */ = {isa = PBXBuildFile; fileRef = 5B4F85CF1871A939004695DA /* OCAObject.m */; };
		5B097E581871BEA1006240D8 /* OCAConnection.m in Sources */ = {isa = PBXBuildFile; fileRef = 5B097E211871AE6D006240D8 /* OCAConnection.m */; };
		5B097E591871BEA1006240D8 /* OCAProducer.m in Sources */ = {isa = PBXBuildFile; fileRef = 5B097E271871B0C1006240D8 /* OCAProducer.m */; };
		5B097E5F1871BED0006240D8 /* OCAObjectTest.m in Sources */ = {isa = PBXBuildFile; fileRef = 5B097E5B1871BED0006240D8 /* OCAObjectTest.m */; };
		5B097E601871BED0006240D8 /* OCAObjectTest.m in Sources */ = {isa = PBXBuildFile; fileRef = 5B097E5B1871BED0006240D8 /* OCAObjectTest.m */; };
		5B4F85A21871A4DC004695DA /* Foundation.framework in Frameworks */ = {isa = PBXBuildFile; fileRef = 5B4F85A11871A4DC004695DA /* Foundation.framework */; };
		5B4F85B01871A4DC004695DA /* XCTest.framework in Frameworks */ = {isa = PBXBuildFile; fileRef = 5B4F85AF1871A4DC004695DA /* XCTest.framework */; };
		5B4F85B11871A4DC004695DA /* Foundation.framework in Frameworks */ = {isa = PBXBuildFile; fileRef = 5B4F85A11871A4DC004695DA /* Foundation.framework */; };
		5B4F85B61871A4DC004695DA /* libObjectiveChain-iOS.a in Frameworks */ = {isa = PBXBuildFile; fileRef = 5B4F859E1871A4DB004695DA /* libObjectiveChain-iOS.a */; };
		5B4F85D01871A939004695DA /* OCAObject.m in Sources */ = {isa = PBXBuildFile; fileRef = 5B4F85CF1871A939004695DA /* OCAObject.m */; };
		5BA8A6451875BD950012BA5D /* OCAMathTest.m in Sources */ = {isa = PBXBuildFile; fileRef = 5BA8A6441875BD950012BA5D /* OCAMathTest.m */; };
		5BA8A6461875BD950012BA5D /* OCAMathTest.m in Sources */ = {isa = PBXBuildFile; fileRef = 5BA8A6441875BD950012BA5D /* OCAMathTest.m */; };
		5BB7CD2A1879BCB3006916AB /* OCAMath.h in Headers */ = {isa = PBXBuildFile; fileRef = 5BB7CD281879BCB3006916AB /* OCAMath.h */; };
		5BB7CD2B1879BCB3006916AB /* OCAMath.m in Sources */ = {isa = PBXBuildFile; fileRef = 5BB7CD291879BCB3006916AB /* OCAMath.m */; };
		5BB7CD2C1879BCB3006916AB /* OCAMath.m in Sources */ = {isa = PBXBuildFile; fileRef = 5BB7CD291879BCB3006916AB /* OCAMath.m */; };
		5BB7CD2F1879BCC8006916AB /* OCAFoundation.h in Headers */ = {isa = PBXBuildFile; fileRef = 5BB7CD2D1879BCC8006916AB /* OCAFoundation.h */; };
		5BB7CD301879BCC8006916AB /* OCAFoundation.m in Sources */ = {isa = PBXBuildFile; fileRef = 5BB7CD2E1879BCC8006916AB /* OCAFoundation.m */; };
		5BB7CD311879BCC8006916AB /* OCAFoundation.m in Sources */ = {isa = PBXBuildFile; fileRef = 5BB7CD2E1879BCC8006916AB /* OCAFoundation.m */; };
		5BB7CD331879BE51006916AB /* OCAFoundationTest.m in Sources */ = {isa = PBXBuildFile; fileRef = 5BB7CD321879BE51006916AB /* OCAFoundationTest.m */; };
		5BB7CD341879BE51006916AB /* OCAFoundationTest.m in Sources */ = {isa = PBXBuildFile; fileRef = 5BB7CD321879BE51006916AB /* OCAFoundationTest.m */; };
		5BB7CD381879D183006916AB /* OCABridge.h in Headers */ = {isa = PBXBuildFile; fileRef = 5BB7CD361879D183006916AB /* OCABridge.h */; };
		5BB7CD391879D183006916AB /* OCABridge.m in Sources */ = {isa = PBXBuildFile; fileRef = 5BB7CD371879D183006916AB /* OCABridge.m */; };
		5BB7CD3A1879D183006916AB /* OCABridge.m in Sources */ = {isa = PBXBuildFile; fileRef = 5BB7CD371879D183006916AB /* OCABridge.m */; };
		5BB7CD3E1879D745006916AB /* OCAHub.h in Headers */ = {isa = PBXBuildFile; fileRef = 5BB7CD3C1879D745006916AB /* OCAHub.h */; };
		5BB7CD3F1879D745006916AB /* OCAHub.m in Sources */ = {isa = PBXBuildFile; fileRef = 5BB7CD3D1879D745006916AB /* OCAHub.m */; };
		5BB7CD401879D745006916AB /* OCAHub.m in Sources */ = {isa = PBXBuildFile; fileRef = 5BB7CD3D1879D745006916AB /* OCAHub.m */; };
		5BB7CD51187AE997006916AB /* OCAMulticast.h in Headers */ = {isa = PBXBuildFile; fileRef = 5BB7CD4F187AE997006916AB /* OCAMulticast.h */; };
		5BB7CD52187AE997006916AB /* OCAMulticast.m in Sources */ = {isa = PBXBuildFile; fileRef = 5BB7CD50187AE997006916AB /* OCAMulticast.m */; };
		5BB7CD53187AE997006916AB /* OCAMulticast.m in Sources */ = {isa = PBXBuildFile; fileRef = 5BB7CD50187AE997006916AB /* OCAMulticast.m */; };
		5BB7CD56187B1122006916AB /* OCAQueue.h in Headers */ = {isa = PBXBuildFile; fileRef = 5BB7CD54187B1122006916AB /* OCAQueue.h */; };
		5BB7CD57187B1122006916AB /* OCAQueue.m in Sources */ = {isa = PBXBuildFile; fileRef = 5BB7CD55187B1122006916AB /* OCAQueue.m */; };
		5BB7CD58187B1122006916AB /* OCAQueue.m in Sources */ = {isa = PBXBuildFile; fileRef = 5BB7CD55187B1122006916AB /* OCAQueue.m */; };
		5BB7CD5A187B397E006916AB /* OCAQueueTest.m in Sources */ = {isa = PBXBuildFile; fileRef = 5BB7CD59187B397E006916AB /* OCAQueueTest.m */; };
		5BB7CD5B187B397E006916AB /* OCAQueueTest.m in Sources */ = {isa = PBXBuildFile; fileRef = 5BB7CD59187B397E006916AB /* OCAQueueTest.m */; };
		5BD8AE9E1876AD5600EE2029 /* OCAStructureAccessor.h in Headers */ = {isa = PBXBuildFile; fileRef = 5BD8AE9C1876AD5600EE2029 /* OCAStructureAccessor.h */; };
		5BD8AE9F1876AD5600EE2029 /* OCAStructureAccessor.m in Sources */ = {isa = PBXBuildFile; fileRef = 5BD8AE9D1876AD5600EE2029 /* OCAStructureAccessor.m */; };
		5BD8AEA01876AD5600EE2029 /* OCAStructureAccessor.m in Sources */ = {isa = PBXBuildFile; fileRef = 5BD8AE9D1876AD5600EE2029 /* OCAStructureAccessor.m */; };
		5BD8AEA21876B41200EE2029 /* OCAStructTest.m in Sources */ = {isa = PBXBuildFile; fileRef = 5BD8AEA11876B41200EE2029 /* OCAStructTest.m */; };
		5BD8AEA31876B41200EE2029 /* OCAStructTest.m in Sources */ = {isa = PBXBuildFile; fileRef = 5BD8AEA11876B41200EE2029 /* OCAStructTest.m */; };
		5BD8AEA61877070600EE2029 /* NSValue+Boxing.h in Headers */ = {isa = PBXBuildFile; fileRef = 5BD8AEA41877070600EE2029 /* NSValue+Boxing.h */; };
		5BD8AEA71877070600EE2029 /* NSValue+Boxing.m in Sources */ = {isa = PBXBuildFile; fileRef = 5BD8AEA51877070600EE2029 /* NSValue+Boxing.m */; };
		5BD8AEA81877070600EE2029 /* NSValue+Boxing.m in Sources */ = {isa = PBXBuildFile; fileRef = 5BD8AEA51877070600EE2029 /* NSValue+Boxing.m */; };
		5BD9ECE31871D82E0069044C /* OCACommand.h in Headers */ = {isa = PBXBuildFile; fileRef = 5BD9ECE11871D82E0069044C /* OCACommand.h */; };
		5BD9ECE41871D82E0069044C /* OCACommand.m in Sources */ = {isa = PBXBuildFile; fileRef = 5BD9ECE21871D82E0069044C /* OCACommand.m */; };
		5BD9ECE51871D82E0069044C /* OCACommand.m in Sources */ = {isa = PBXBuildFile; fileRef = 5BD9ECE21871D82E0069044C /* OCACommand.m */; };
		5BD9ECED1871E1370069044C /* OCAConnectionTest.m in Sources */ = {isa = PBXBuildFile; fileRef = 5BD9ECEC1871E1370069044C /* OCAConnectionTest.m */; };
		5BD9ECEE1871E1370069044C /* OCAConnectionTest.m in Sources */ = {isa = PBXBuildFile; fileRef = 5BD9ECEC1871E1370069044C /* OCAConnectionTest.m */; };
		5BD9ECF81871E9F20069044C /* OCASubscriber.m in Sources */ = {isa = PBXBuildFile; fileRef = 5BD9ECF61871E9E80069044C /* OCASubscriber.m */; };
		5BD9ECF91871E9F30069044C /* OCASubscriber.m in Sources */ = {isa = PBXBuildFile; fileRef = 5BD9ECF61871E9E80069044C /* OCASubscriber.m */; };
		5BD9ECFD1872D61E0069044C /* OCATimer.h in Headers */ = {isa = PBXBuildFile; fileRef = 5BD9ECFB1872D61E0069044C /* OCATimer.h */; };
		5BD9ECFE1872D61E0069044C /* OCATimer.m in Sources */ = {isa = PBXBuildFile; fileRef = 5BD9ECFC1872D61E0069044C /* OCATimer.m */; };
		5BD9ECFF1872D61E0069044C /* OCATimer.m in Sources */ = {isa = PBXBuildFile; fileRef = 5BD9ECFC1872D61E0069044C /* OCATimer.m */; };
		5BD9ED04187300B70069044C /* OCASemaphore.m in Sources */ = {isa = PBXBuildFile; fileRef = 5BD9ED021872FFA90069044C /* OCASemaphore.m */; };
		5BD9ED05187300B80069044C /* OCASemaphore.m in Sources */ = {isa = PBXBuildFile; fileRef = 5BD9ED021872FFA90069044C /* OCASemaphore.m */; };
		5BD9ED0918731B570069044C /* OCATransformer.h in Headers */ = {isa = PBXBuildFile; fileRef = 5BD9ED0718731B570069044C /* OCATransformer.h */; };
		5BD9ED0A18731B570069044C /* OCATransformer.m in Sources */ = {isa = PBXBuildFile; fileRef = 5BD9ED0818731B570069044C /* OCATransformer.m */; };
		5BD9ED0B18731B570069044C /* OCATransformer.m in Sources */ = {isa = PBXBuildFile; fileRef = 5BD9ED0818731B570069044C /* OCATransformer.m */; };
		5BD9ED0D1873351C0069044C /* OCATransformerTest.m in Sources */ = {isa = PBXBuildFile; fileRef = 5BD9ED0C1873351C0069044C /* OCATransformerTest.m */; };
		5BD9ED0E1873351C0069044C /* OCATransformerTest.m in Sources */ = {isa = PBXBuildFile; fileRef = 5BD9ED0C1873351C0069044C /* OCATransformerTest.m */; };
		5BD9ED1118733A350069044C /* OCATransformer+Predefined.h in Headers */ = {isa = PBXBuildFile; fileRef = 5BD9ED0F18733A350069044C /* OCATransformer+Predefined.h */; };
		5BD9ED1218733A350069044C /* OCATransformer+Predefined.m in Sources */ = {isa = PBXBuildFile; fileRef = 5BD9ED1018733A350069044C /* OCATransformer+Predefined.m */; };
		5BD9ED1318733A350069044C /* OCATransformer+Predefined.m in Sources */ = {isa = PBXBuildFile; fileRef = 5BD9ED1018733A350069044C /* OCATransformer+Predefined.m */; };
/* End PBXBuildFile section */

/* Begin PBXContainerItemProxy section */
		5B097E461871BE01006240D8 /* PBXContainerItemProxy */ = {
			isa = PBXContainerItemProxy;
			containerPortal = 5B2E8BC51871A23B008AC4B1 /* Project object */;
			proxyType = 1;
			remoteGlobalIDString = 5B097E311871BE01006240D8;
			remoteInfo = "ObjectiveChain-OSX";
		};
		5B4F85B41871A4DC004695DA /* PBXContainerItemProxy */ = {
			isa = PBXContainerItemProxy;
			containerPortal = 5B2E8BC51871A23B008AC4B1 /* Project object */;
			proxyType = 1;
			remoteGlobalIDString = 5B4F859D1871A4DB004695DA;
			remoteInfo = "ObjectiveChain-iOS";
		};
/* End PBXContainerItemProxy section */

/* Begin PBXCopyFilesBuildPhase section */
		5B4F859C1871A4DB004695DA /* CopyFiles */ = {
			isa = PBXCopyFilesBuildPhase;
			buildActionMask = 2147483647;
			dstPath = "include/$(PRODUCT_NAME)";
			dstSubfolderSpec = 16;
			files = (
			);
			runOnlyForDeploymentPostprocessing = 0;
		};
/* End PBXCopyFilesBuildPhase section */

/* Begin PBXFileReference section */
		5B097E201871AE6D006240D8 /* OCAConnection.h */ = {isa = PBXFileReference; fileEncoding = 4; lastKnownFileType = sourcecode.c.h; path = OCAConnection.h; sourceTree = "<group>"; };
		5B097E211871AE6D006240D8 /* OCAConnection.m */ = {isa = PBXFileReference; fileEncoding = 4; lastKnownFileType = sourcecode.c.objc; path = OCAConnection.m; sourceTree = "<group>"; };
		5B097E231871AFA5006240D8 /* OCAConnection+Private.h */ = {isa = PBXFileReference; fileEncoding = 4; lastKnownFileType = sourcecode.c.h; path = "OCAConnection+Private.h"; sourceTree = "<group>"; };
		5B097E261871B0C1006240D8 /* OCAProducer.h */ = {isa = PBXFileReference; fileEncoding = 4; lastKnownFileType = sourcecode.c.h; path = OCAProducer.h; sourceTree = "<group>"; };
		5B097E271871B0C1006240D8 /* OCAProducer.m */ = {isa = PBXFileReference; fileEncoding = 4; lastKnownFileType = sourcecode.c.objc; path = OCAProducer.m; sourceTree = "<group>"; };
		5B097E2A1871B14C006240D8 /* OCAProducer+Private.h */ = {isa = PBXFileReference; fileEncoding = 4; lastKnownFileType = sourcecode.c.h; path = "OCAProducer+Private.h"; sourceTree = "<group>"; };
		5B097E321871BE01006240D8 /* libObjectiveChain-OSX.a */ = {isa = PBXFileReference; explicitFileType = archive.ar; includeInIndex = 0; path = "libObjectiveChain-OSX.a"; sourceTree = BUILT_PRODUCTS_DIR; };
		5B097E431871BE01006240D8 /* ObjectiveChain-OSX-Tests.xctest */ = {isa = PBXFileReference; explicitFileType = wrapper.cfbundle; includeInIndex = 0; path = "ObjectiveChain-OSX-Tests.xctest"; sourceTree = BUILT_PRODUCTS_DIR; };
		5B097E5A1871BED0006240D8 /* Info.plist */ = {isa = PBXFileReference; fileEncoding = 4; lastKnownFileType = text.plist.xml; path = Info.plist; sourceTree = "<group>"; };
		5B097E5B1871BED0006240D8 /* OCAObjectTest.m */ = {isa = PBXFileReference; fileEncoding = 4; lastKnownFileType = sourcecode.c.objc; path = OCAObjectTest.m; sourceTree = "<group>"; };
		5B097E5C1871BED0006240D8 /* Prefix.pch */ = {isa = PBXFileReference; fileEncoding = 4; lastKnownFileType = sourcecode.c.h; path = Prefix.pch; sourceTree = "<group>"; };
		5B4F859E1871A4DB004695DA /* libObjectiveChain-iOS.a */ = {isa = PBXFileReference; explicitFileType = archive.ar; includeInIndex = 0; path = "libObjectiveChain-iOS.a"; sourceTree = BUILT_PRODUCTS_DIR; };
		5B4F85A11871A4DC004695DA /* Foundation.framework */ = {isa = PBXFileReference; lastKnownFileType = wrapper.framework; name = Foundation.framework; path = System/Library/Frameworks/Foundation.framework; sourceTree = SDKROOT; };
		5B4F85AE1871A4DC004695DA /* ObjectiveChain-iOS-Tests.xctest */ = {isa = PBXFileReference; explicitFileType = wrapper.cfbundle; includeInIndex = 0; path = "ObjectiveChain-iOS-Tests.xctest"; sourceTree = BUILT_PRODUCTS_DIR; };
		5B4F85AF1871A4DC004695DA /* XCTest.framework */ = {isa = PBXFileReference; lastKnownFileType = wrapper.framework; name = XCTest.framework; path = Library/Frameworks/XCTest.framework; sourceTree = DEVELOPER_DIR; };
		5B4F85C61871A73D004695DA /* ObjectiveChain.h */ = {isa = PBXFileReference; fileEncoding = 4; lastKnownFileType = sourcecode.c.h; path = ObjectiveChain.h; sourceTree = "<group>"; };
		5B4F85CE1871A939004695DA /* OCAObject.h */ = {isa = PBXFileReference; fileEncoding = 4; lastKnownFileType = sourcecode.c.h; path = OCAObject.h; sourceTree = "<group>"; };
		5B4F85CF1871A939004695DA /* OCAObject.m */ = {isa = PBXFileReference; fileEncoding = 4; lastKnownFileType = sourcecode.c.objc; path = OCAObject.m; sourceTree = "<group>"; };
		5BA8A6441875BD950012BA5D /* OCAMathTest.m */ = {isa = PBXFileReference; fileEncoding = 4; lastKnownFileType = sourcecode.c.objc; path = OCAMathTest.m; sourceTree = "<group>"; };
		5BB7CD281879BCB3006916AB /* OCAMath.h */ = {isa = PBXFileReference; fileEncoding = 4; lastKnownFileType = sourcecode.c.h; path = OCAMath.h; sourceTree = "<group>"; };
		5BB7CD291879BCB3006916AB /* OCAMath.m */ = {isa = PBXFileReference; fileEncoding = 4; lastKnownFileType = sourcecode.c.objc; path = OCAMath.m; sourceTree = "<group>"; };
		5BB7CD2D1879BCC8006916AB /* OCAFoundation.h */ = {isa = PBXFileReference; fileEncoding = 4; lastKnownFileType = sourcecode.c.h; path = OCAFoundation.h; sourceTree = "<group>"; };
		5BB7CD2E1879BCC8006916AB /* OCAFoundation.m */ = {isa = PBXFileReference; fileEncoding = 4; lastKnownFileType = sourcecode.c.objc; path = OCAFoundation.m; sourceTree = "<group>"; };
		5BB7CD321879BE51006916AB /* OCAFoundationTest.m */ = {isa = PBXFileReference; fileEncoding = 4; lastKnownFileType = sourcecode.c.objc; path = OCAFoundationTest.m; sourceTree = "<group>"; };
		5BB7CD361879D183006916AB /* OCABridge.h */ = {isa = PBXFileReference; fileEncoding = 4; lastKnownFileType = sourcecode.c.h; path = OCABridge.h; sourceTree = "<group>"; };
		5BB7CD371879D183006916AB /* OCABridge.m */ = {isa = PBXFileReference; fileEncoding = 4; lastKnownFileType = sourcecode.c.objc; path = OCABridge.m; sourceTree = "<group>"; };
		5BB7CD3C1879D745006916AB /* OCAHub.h */ = {isa = PBXFileReference; fileEncoding = 4; lastKnownFileType = sourcecode.c.h; path = OCAHub.h; sourceTree = "<group>"; };
		5BB7CD3D1879D745006916AB /* OCAHub.m */ = {isa = PBXFileReference; fileEncoding = 4; lastKnownFileType = sourcecode.c.objc; path = OCAHub.m; sourceTree = "<group>"; };
		5BB7CD4F187AE997006916AB /* OCAMulticast.h */ = {isa = PBXFileReference; fileEncoding = 4; lastKnownFileType = sourcecode.c.h; path = OCAMulticast.h; sourceTree = "<group>"; };
		5BB7CD50187AE997006916AB /* OCAMulticast.m */ = {isa = PBXFileReference; fileEncoding = 4; lastKnownFileType = sourcecode.c.objc; path = OCAMulticast.m; sourceTree = "<group>"; };
		5BB7CD54187B1122006916AB /* OCAQueue.h */ = {isa = PBXFileReference; fileEncoding = 4; lastKnownFileType = sourcecode.c.h; path = OCAQueue.h; sourceTree = "<group>"; };
		5BB7CD55187B1122006916AB /* OCAQueue.m */ = {isa = PBXFileReference; fileEncoding = 4; lastKnownFileType = sourcecode.c.objc; path = OCAQueue.m; sourceTree = "<group>"; };
		5BB7CD59187B397E006916AB /* OCAQueueTest.m */ = {isa = PBXFileReference; fileEncoding = 4; lastKnownFileType = sourcecode.c.objc; path = OCAQueueTest.m; sourceTree = "<group>"; };
		5BD8AE9C1876AD5600EE2029 /* OCAStructureAccessor.h */ = {isa = PBXFileReference; fileEncoding = 4; lastKnownFileType = sourcecode.c.h; path = OCAStructureAccessor.h; sourceTree = "<group>"; };
		5BD8AE9D1876AD5600EE2029 /* OCAStructureAccessor.m */ = {isa = PBXFileReference; fileEncoding = 4; lastKnownFileType = sourcecode.c.objc; path = OCAStructureAccessor.m; sourceTree = "<group>"; };
		5BD8AEA11876B41200EE2029 /* OCAStructTest.m */ = {isa = PBXFileReference; fileEncoding = 4; lastKnownFileType = sourcecode.c.objc; path = OCAStructTest.m; sourceTree = "<group>"; };
		5BD8AEA41877070600EE2029 /* NSValue+Boxing.h */ = {isa = PBXFileReference; fileEncoding = 4; lastKnownFileType = sourcecode.c.h; path = "NSValue+Boxing.h"; sourceTree = "<group>"; };
		5BD8AEA51877070600EE2029 /* NSValue+Boxing.m */ = {isa = PBXFileReference; fileEncoding = 4; lastKnownFileType = sourcecode.c.objc; path = "NSValue+Boxing.m"; sourceTree = "<group>"; };
		5BD9ECE11871D82E0069044C /* OCACommand.h */ = {isa = PBXFileReference; fileEncoding = 4; lastKnownFileType = sourcecode.c.h; path = OCACommand.h; sourceTree = "<group>"; };
		5BD9ECE21871D82E0069044C /* OCACommand.m */ = {isa = PBXFileReference; fileEncoding = 4; lastKnownFileType = sourcecode.c.objc; path = OCACommand.m; sourceTree = "<group>"; };
		5BD9ECEB1871DFC70069044C /* OCAConsumer.h */ = {isa = PBXFileReference; lastKnownFileType = sourcecode.c.h; path = OCAConsumer.h; sourceTree = "<group>"; };
		5BD9ECEC1871E1370069044C /* OCAConnectionTest.m */ = {isa = PBXFileReference; fileEncoding = 4; lastKnownFileType = sourcecode.c.objc; path = OCAConnectionTest.m; sourceTree = "<group>"; };
		5BD9ECF51871E9E80069044C /* OCASubscriber.h */ = {isa = PBXFileReference; fileEncoding = 4; lastKnownFileType = sourcecode.c.h; path = OCASubscriber.h; sourceTree = "<group>"; };
		5BD9ECF61871E9E80069044C /* OCASubscriber.m */ = {isa = PBXFileReference; fileEncoding = 4; lastKnownFileType = sourcecode.c.objc; path = OCASubscriber.m; sourceTree = "<group>"; };
		5BD9ECFB1872D61E0069044C /* OCATimer.h */ = {isa = PBXFileReference; fileEncoding = 4; lastKnownFileType = sourcecode.c.h; path = OCATimer.h; sourceTree = "<group>"; };
		5BD9ECFC1872D61E0069044C /* OCATimer.m */ = {isa = PBXFileReference; fileEncoding = 4; lastKnownFileType = sourcecode.c.objc; path = OCATimer.m; sourceTree = "<group>"; };
		5BD9ED011872FFA90069044C /* OCASemaphore.h */ = {isa = PBXFileReference; fileEncoding = 4; lastKnownFileType = sourcecode.c.h; path = OCASemaphore.h; sourceTree = "<group>"; };
		5BD9ED021872FFA90069044C /* OCASemaphore.m */ = {isa = PBXFileReference; fileEncoding = 4; lastKnownFileType = sourcecode.c.objc; path = OCASemaphore.m; sourceTree = "<group>"; };
		5BD9ED0718731B570069044C /* OCATransformer.h */ = {isa = PBXFileReference; fileEncoding = 4; lastKnownFileType = sourcecode.c.h; path = OCATransformer.h; sourceTree = "<group>"; };
		5BD9ED0818731B570069044C /* OCATransformer.m */ = {isa = PBXFileReference; fileEncoding = 4; lastKnownFileType = sourcecode.c.objc; path = OCATransformer.m; sourceTree = "<group>"; };
		5BD9ED0C1873351C0069044C /* OCATransformerTest.m */ = {isa = PBXFileReference; fileEncoding = 4; lastKnownFileType = sourcecode.c.objc; path = OCATransformerTest.m; sourceTree = "<group>"; };
		5BD9ED0F18733A350069044C /* OCATransformer+Predefined.h */ = {isa = PBXFileReference; fileEncoding = 4; lastKnownFileType = sourcecode.c.h; path = "OCATransformer+Predefined.h"; sourceTree = "<group>"; };
		5BD9ED1018733A350069044C /* OCATransformer+Predefined.m */ = {isa = PBXFileReference; fileEncoding = 4; lastKnownFileType = sourcecode.c.objc; path = "OCATransformer+Predefined.m"; sourceTree = "<group>"; };
/* End PBXFileReference section */

/* Begin PBXFrameworksBuildPhase section */
		5B097E2F1871BE01006240D8 /* Frameworks */ = {
			isa = PBXFrameworksBuildPhase;
			buildActionMask = 2147483647;
			files = (
			);
			runOnlyForDeploymentPostprocessing = 0;
		};
		5B097E401871BE01006240D8 /* Frameworks */ = {
			isa = PBXFrameworksBuildPhase;
			buildActionMask = 2147483647;
			files = (
				5B097E481871BE01006240D8 /* libObjectiveChain-OSX.a in Frameworks */,
				5B097E441871BE01006240D8 /* XCTest.framework in Frameworks */,
			);
			runOnlyForDeploymentPostprocessing = 0;
		};
		5B4F859B1871A4DB004695DA /* Frameworks */ = {
			isa = PBXFrameworksBuildPhase;
			buildActionMask = 2147483647;
			files = (
				5B4F85A21871A4DC004695DA /* Foundation.framework in Frameworks */,
			);
			runOnlyForDeploymentPostprocessing = 0;
		};
		5B4F85AB1871A4DC004695DA /* Frameworks */ = {
			isa = PBXFrameworksBuildPhase;
			buildActionMask = 2147483647;
			files = (
				5B4F85B01871A4DC004695DA /* XCTest.framework in Frameworks */,
				5B4F85B11871A4DC004695DA /* Foundation.framework in Frameworks */,
				5B4F85B61871A4DC004695DA /* libObjectiveChain-iOS.a in Frameworks */,
			);
			runOnlyForDeploymentPostprocessing = 0;
		};
/* End PBXFrameworksBuildPhase section */

/* Begin PBXGroup section */
		5B097E1D1871AE2C006240D8 /* Connection */ = {
			isa = PBXGroup;
			children = (
				5B097E201871AE6D006240D8 /* OCAConnection.h */,
				5B097E231871AFA5006240D8 /* OCAConnection+Private.h */,
				5B097E211871AE6D006240D8 /* OCAConnection.m */,
				5BB7CD54187B1122006916AB /* OCAQueue.h */,
				5BB7CD55187B1122006916AB /* OCAQueue.m */,
			);
			path = Connection;
			sourceTree = "<group>";
		};
		5B097E1E1871AE2C006240D8 /* Consumer */ = {
			isa = PBXGroup;
			children = (
				5BD9ECEB1871DFC70069044C /* OCAConsumer.h */,
				5BD9ECF41871E9E80069044C /* Subscriber */,
				5BB7CD4E187AE868006916AB /* Multicast */,
			);
			path = Consumer;
			sourceTree = "<group>";
		};
		5B097E1F1871AE2C006240D8 /* Producer */ = {
			isa = PBXGroup;
			children = (
				5B097E261871B0C1006240D8 /* OCAProducer.h */,
				5B097E2A1871B14C006240D8 /* OCAProducer+Private.h */,
				5B097E271871B0C1006240D8 /* OCAProducer.m */,
				5BD9ECE01871D8160069044C /* Command */,
				5BD9ECFA1872D6000069044C /* Timer */,
				5BB7CD351879D16B006916AB /* Bridge */,
				5BB7CD3B1879D70A006916AB /* Hub */,
			);
			path = Producer;
			sourceTree = "<group>";
		};
		5B2E8BC41871A23B008AC4B1 = {
			isa = PBXGroup;
			children = (
				5B4F85C51871A6F5004695DA /* Sources */,
				5B4F85C71871A874004695DA /* Tests */,
				5B4F85A01871A4DB004695DA /* Frameworks */,
				5B4F859F1871A4DB004695DA /* Products */,
			);
			sourceTree = "<group>";
		};
		5B4F859F1871A4DB004695DA /* Products */ = {
			isa = PBXGroup;
			children = (
				5B4F859E1871A4DB004695DA /* libObjectiveChain-iOS.a */,
				5B4F85AE1871A4DC004695DA /* ObjectiveChain-iOS-Tests.xctest */,
				5B097E321871BE01006240D8 /* libObjectiveChain-OSX.a */,
				5B097E431871BE01006240D8 /* ObjectiveChain-OSX-Tests.xctest */,
			);
			name = Products;
			sourceTree = "<group>";
		};
		5B4F85A01871A4DB004695DA /* Frameworks */ = {
			isa = PBXGroup;
			children = (
				5B4F85A11871A4DC004695DA /* Foundation.framework */,
				5B4F85AF1871A4DC004695DA /* XCTest.framework */,
			);
			name = Frameworks;
			sourceTree = "<group>";
		};
		5B4F85C51871A6F5004695DA /* Sources */ = {
			isa = PBXGroup;
			children = (
				5B4F85C61871A73D004695DA /* ObjectiveChain.h */,
				5B4F85CE1871A939004695DA /* OCAObject.h */,
				5B4F85CF1871A939004695DA /* OCAObject.m */,
				5B097E1D1871AE2C006240D8 /* Connection */,
				5B097E1F1871AE2C006240D8 /* Producer */,
				5B097E1E1871AE2C006240D8 /* Consumer */,
				5BD9ED0618731B380069044C /* Transformer */,
				5BB7CD221879BC6B006916AB /* Foundation */,
				5BD8AE9B1876AD2900EE2029 /* Struct */,
				5BD9ED001872FF960069044C /* Utilities */,
			);
			path = Sources;
			sourceTree = "<group>";
		};
		5B4F85C71871A874004695DA /* Tests */ = {
			isa = PBXGroup;
			children = (
				5B097E5A1871BED0006240D8 /* Info.plist */,
				5B097E5C1871BED0006240D8 /* Prefix.pch */,
				5B097E5B1871BED0006240D8 /* OCAObjectTest.m */,
				5BD9ECEC1871E1370069044C /* OCAConnectionTest.m */,
				5BD9ED0C1873351C0069044C /* OCATransformerTest.m */,
				5BB7CD321879BE51006916AB /* OCAFoundationTest.m */,
				5BA8A6441875BD950012BA5D /* OCAMathTest.m */,
				5BD8AEA11876B41200EE2029 /* OCAStructTest.m */,
				5BB7CD59187B397E006916AB /* OCAQueueTest.m */,
			);
			path = Tests;
			sourceTree = "<group>";
		};
		5BB7CD221879BC6B006916AB /* Foundation */ = {
			isa = PBXGroup;
			children = (
				5BB7CD2D1879BCC8006916AB /* OCAFoundation.h */,
				5BB7CD2E1879BCC8006916AB /* OCAFoundation.m */,
				5BB7CD281879BCB3006916AB /* OCAMath.h */,
				5BB7CD291879BCB3006916AB /* OCAMath.m */,
			);
			path = Foundation;
			sourceTree = "<group>";
		};
		5BB7CD351879D16B006916AB /* Bridge */ = {
			isa = PBXGroup;
			children = (
				5BB7CD361879D183006916AB /* OCABridge.h */,
				5BB7CD371879D183006916AB /* OCABridge.m */,
			);
			path = Bridge;
			sourceTree = "<group>";
		};
		5BB7CD3B1879D70A006916AB /* Hub */ = {
			isa = PBXGroup;
			children = (
				5BB7CD3C1879D745006916AB /* OCAHub.h */,
				5BB7CD3D1879D745006916AB /* OCAHub.m */,
			);
			path = Hub;
			sourceTree = "<group>";
		};
		5BB7CD4E187AE868006916AB /* Multicast */ = {
			isa = PBXGroup;
			children = (
				5BB7CD4F187AE997006916AB /* OCAMulticast.h */,
				5BB7CD50187AE997006916AB /* OCAMulticast.m */,
			);
			path = Multicast;
			sourceTree = "<group>";
		};
		5BD8AE9B1876AD2900EE2029 /* Struct */ = {
			isa = PBXGroup;
			children = (
				5BD8AE9C1876AD5600EE2029 /* OCAStructureAccessor.h */,
				5BD8AE9D1876AD5600EE2029 /* OCAStructureAccessor.m */,
				5BD8AEA41877070600EE2029 /* NSValue+Boxing.h */,
				5BD8AEA51877070600EE2029 /* NSValue+Boxing.m */,
			);
			path = Struct;
			sourceTree = "<group>";
		};
		5BD9ECE01871D8160069044C /* Command */ = {
			isa = PBXGroup;
			children = (
				5BD9ECE11871D82E0069044C /* OCACommand.h */,
				5BD9ECE21871D82E0069044C /* OCACommand.m */,
			);
			path = Command;
			sourceTree = "<group>";
		};
		5BD9ECF41871E9E80069044C /* Subscriber */ = {
			isa = PBXGroup;
			children = (
				5BD9ECF51871E9E80069044C /* OCASubscriber.h */,
				5BD9ECF61871E9E80069044C /* OCASubscriber.m */,
			);
			path = Subscriber;
			sourceTree = "<group>";
		};
		5BD9ECFA1872D6000069044C /* Timer */ = {
			isa = PBXGroup;
			children = (
				5BD9ECFB1872D61E0069044C /* OCATimer.h */,
				5BD9ECFC1872D61E0069044C /* OCATimer.m */,
			);
			path = Timer;
			sourceTree = "<group>";
		};
		5BD9ED001872FF960069044C /* Utilities */ = {
			isa = PBXGroup;
			children = (
				5BD9ED011872FFA90069044C /* OCASemaphore.h */,
				5BD9ED021872FFA90069044C /* OCASemaphore.m */,
			);
			path = Utilities;
			sourceTree = "<group>";
		};
		5BD9ED0618731B380069044C /* Transformer */ = {
			isa = PBXGroup;
			children = (
				5BD9ED0718731B570069044C /* OCATransformer.h */,
				5BD9ED0818731B570069044C /* OCATransformer.m */,
				5BD9ED0F18733A350069044C /* OCATransformer+Predefined.h */,
				5BD9ED1018733A350069044C /* OCATransformer+Predefined.m */,
			);
			path = Transformer;
			sourceTree = "<group>";
		};
/* End PBXGroup section */

/* Begin PBXHeadersBuildPhase section */
		5B097E301871BE01006240D8 /* Headers */ = {
			isa = PBXHeadersBuildPhase;
			buildActionMask = 2147483647;
			files = (
				5BD8AE9E1876AD5600EE2029 /* OCAStructureAccessor.h in Headers */,
				5BB7CD2F1879BCC8006916AB /* OCAFoundation.h in Headers */,
				5BB7CD3E1879D745006916AB /* OCAHub.h in Headers */,
				5BD9ED1118733A350069044C /* OCATransformer+Predefined.h in Headers */,
				5BB7CD56187B1122006916AB /* OCAQueue.h in Headers */,
				5BD8AEA61877070600EE2029 /* NSValue+Boxing.h in Headers */,
				5BB7CD51187AE997006916AB /* OCAMulticast.h in Headers */,
				5BB7CD2A1879BCB3006916AB /* OCAMath.h in Headers */,
				5BB7CD381879D183006916AB /* OCABridge.h in Headers */,
				5BD9ECFD1872D61E0069044C /* OCATimer.h in Headers */,
				5BD9ED0918731B570069044C /* OCATransformer.h in Headers */,
				5BD9ECE31871D82E0069044C /* OCACommand.h in Headers */,
			);
			runOnlyForDeploymentPostprocessing = 0;
		};
/* End PBXHeadersBuildPhase section */

/* Begin PBXNativeTarget section */
		5B097E311871BE01006240D8 /* OS X Library */ = {
			isa = PBXNativeTarget;
			buildConfigurationList = 5B097E511871BE01006240D8 /* Build configuration list for PBXNativeTarget "OS X Library" */;
			buildPhases = (
				5B097E2E1871BE01006240D8 /* Sources */,
				5B097E2F1871BE01006240D8 /* Frameworks */,
				5B097E301871BE01006240D8 /* Headers */,
			);
			buildRules = (
			);
			dependencies = (
			);
			name = "OS X Library";
			productName = "ObjectiveChain-OSX";
			productReference = 5B097E321871BE01006240D8 /* libObjectiveChain-OSX.a */;
			productType = "com.apple.product-type.library.static";
		};
		5B097E421871BE01006240D8 /* OS X Tests */ = {
			isa = PBXNativeTarget;
			buildConfigurationList = 5B097E541871BE01006240D8 /* Build configuration list for PBXNativeTarget "OS X Tests" */;
			buildPhases = (
				5B097E3F1871BE01006240D8 /* Sources */,
				5B097E401871BE01006240D8 /* Frameworks */,
				5B097E411871BE01006240D8 /* Resources */,
			);
			buildRules = (
			);
			dependencies = (
				5B097E471871BE01006240D8 /* PBXTargetDependency */,
			);
			name = "OS X Tests";
			productName = "ObjectiveChain-OSXTests";
			productReference = 5B097E431871BE01006240D8 /* ObjectiveChain-OSX-Tests.xctest */;
			productType = "com.apple.product-type.bundle.unit-test";
		};
		5B4F859D1871A4DB004695DA /* iOS Library */ = {
			isa = PBXNativeTarget;
			buildConfigurationList = 5B4F85C31871A4DC004695DA /* Build configuration list for PBXNativeTarget "iOS Library" */;
			buildPhases = (
				5B4F859A1871A4DB004695DA /* Sources */,
				5B4F859B1871A4DB004695DA /* Frameworks */,
				5B4F859C1871A4DB004695DA /* CopyFiles */,
			);
			buildRules = (
			);
			dependencies = (
			);
			name = "iOS Library";
			productName = "ObjectiveChain-iOS";
			productReference = 5B4F859E1871A4DB004695DA /* libObjectiveChain-iOS.a */;
			productType = "com.apple.product-type.library.static";
		};
		5B4F85AD1871A4DC004695DA /* iOS Tests */ = {
			isa = PBXNativeTarget;
			buildConfigurationList = 5B4F85C41871A4DC004695DA /* Build configuration list for PBXNativeTarget "iOS Tests" */;
			buildPhases = (
				5B4F85AA1871A4DC004695DA /* Sources */,
				5B4F85AB1871A4DC004695DA /* Frameworks */,
				5B4F85AC1871A4DC004695DA /* Resources */,
			);
			buildRules = (
			);
			dependencies = (
				5B4F85B51871A4DC004695DA /* PBXTargetDependency */,
			);
			name = "iOS Tests";
			productName = "ObjectiveChain-iOSTests";
			productReference = 5B4F85AE1871A4DC004695DA /* ObjectiveChain-iOS-Tests.xctest */;
			productType = "com.apple.product-type.bundle.unit-test";
		};
/* End PBXNativeTarget section */

/* Begin PBXProject section */
		5B2E8BC51871A23B008AC4B1 /* Project object */ = {
			isa = PBXProject;
			attributes = {
				CLASSPREFIX = OCA;
				LastUpgradeCheck = 0500;
				ORGANIZATIONNAME = "Martin Kiss";
				TargetAttributes = {
					5B097E421871BE01006240D8 = {
						TestTargetID = 5B097E311871BE01006240D8;
					};
					5B4F85AD1871A4DC004695DA = {
						TestTargetID = 5B4F859D1871A4DB004695DA;
					};
				};
			};
			buildConfigurationList = 5B2E8BC81871A23B008AC4B1 /* Build configuration list for PBXProject "Objective-Chain" */;
			compatibilityVersion = "Xcode 3.2";
			developmentRegion = English;
			hasScannedForEncodings = 0;
			knownRegions = (
				en,
			);
			mainGroup = 5B2E8BC41871A23B008AC4B1;
			productRefGroup = 5B4F859F1871A4DB004695DA /* Products */;
			projectDirPath = "";
			projectRoot = "";
			targets = (
				5B4F859D1871A4DB004695DA /* iOS Library */,
				5B4F85AD1871A4DC004695DA /* iOS Tests */,
				5B097E311871BE01006240D8 /* OS X Library */,
				5B097E421871BE01006240D8 /* OS X Tests */,
			);
		};
/* End PBXProject section */

/* Begin PBXResourcesBuildPhase section */
		5B097E411871BE01006240D8 /* Resources */ = {
			isa = PBXResourcesBuildPhase;
			buildActionMask = 2147483647;
			files = (
			);
			runOnlyForDeploymentPostprocessing = 0;
		};
		5B4F85AC1871A4DC004695DA /* Resources */ = {
			isa = PBXResourcesBuildPhase;
			buildActionMask = 2147483647;
			files = (
			);
			runOnlyForDeploymentPostprocessing = 0;
		};
/* End PBXResourcesBuildPhase section */

/* Begin PBXSourcesBuildPhase section */
		5B097E2E1871BE01006240D8 /* Sources */ = {
			isa = PBXSourcesBuildPhase;
			buildActionMask = 2147483647;
			files = (
				5B097E571871BEA1006240D8 /* OCAObject.m in Sources */,
				5BD9ED0B18731B570069044C /* OCATransformer.m in Sources */,
				5BB7CD53187AE997006916AB /* OCAMulticast.m in Sources */,
				5BB7CD311879BCC8006916AB /* OCAFoundation.m in Sources */,
				5BD9ECFF1872D61E0069044C /* OCATimer.m in Sources */,
				5BD8AEA81877070600EE2029 /* NSValue+Boxing.m in Sources */,
				5BD9ECE51871D82E0069044C /* OCACommand.m in Sources */,
				5BB7CD3A1879D183006916AB /* OCABridge.m in Sources */,
				5B097E581871BEA1006240D8 /* OCAConnection.m in Sources */,
				5BB7CD2C1879BCB3006916AB /* OCAMath.m in Sources */,
				5BD9ED1318733A350069044C /* OCATransformer+Predefined.m in Sources */,
				5BD8AEA01876AD5600EE2029 /* OCAStructureAccessor.m in Sources */,
				5BB7CD58187B1122006916AB /* OCAQueue.m in Sources */,
				5BD9ECF91871E9F30069044C /* OCASubscriber.m in Sources */,
				5BB7CD401879D745006916AB /* OCAHub.m in Sources */,
				5BD9ED05187300B80069044C /* OCASemaphore.m in Sources */,
				5B097E591871BEA1006240D8 /* OCAProducer.m in Sources */,
			);
			runOnlyForDeploymentPostprocessing = 0;
		};
		5B097E3F1871BE01006240D8 /* Sources */ = {
			isa = PBXSourcesBuildPhase;
			buildActionMask = 2147483647;
			files = (
				5BB7CD341879BE51006916AB /* OCAFoundationTest.m in Sources */,
				5BD8AEA31876B41200EE2029 /* OCAStructTest.m in Sources */,
				5BB7CD5B187B397E006916AB /* OCAQueueTest.m in Sources */,
				5BD9ED0E1873351C0069044C /* OCATransformerTest.m in Sources */,
				5BA8A6461875BD950012BA5D /* OCAMathTest.m in Sources */,
				5B097E601871BED0006240D8 /* OCAObjectTest.m in Sources */,
				5BD9ECEE1871E1370069044C /* OCAConnectionTest.m in Sources */,
			);
			runOnlyForDeploymentPostprocessing = 0;
		};
		5B4F859A1871A4DB004695DA /* Sources */ = {
			isa = PBXSourcesBuildPhase;
			buildActionMask = 2147483647;
			files = (
				5B097E281871B0C1006240D8 /* OCAProducer.m in Sources */,
				5BD9ED0A18731B570069044C /* OCATransformer.m in Sources */,
				5BB7CD52187AE997006916AB /* OCAMulticast.m in Sources */,
				5BB7CD301879BCC8006916AB /* OCAFoundation.m in Sources */,
				5BD9ECFE1872D61E0069044C /* OCATimer.m in Sources */,
				5BD8AEA71877070600EE2029 /* NSValue+Boxing.m in Sources */,
				5BD9ECE41871D82E0069044C /* OCACommand.m in Sources */,
				5BB7CD391879D183006916AB /* OCABridge.m in Sources */,
				5B4F85D01871A939004695DA /* OCAObject.m in Sources */,
				5BB7CD2B1879BCB3006916AB /* OCAMath.m in Sources */,
				5BD9ED1218733A350069044C /* OCATransformer+Predefined.m in Sources */,
				5BD8AE9F1876AD5600EE2029 /* OCAStructureAccessor.m in Sources */,
				5BB7CD57187B1122006916AB /* OCAQueue.m in Sources */,
				5BD9ECF81871E9F20069044C /* OCASubscriber.m in Sources */,
				5BB7CD3F1879D745006916AB /* OCAHub.m in Sources */,
				5BD9ED04187300B70069044C /* OCASemaphore.m in Sources */,
				5B097E221871AE6D006240D8 /* OCAConnection.m in Sources */,
			);
			runOnlyForDeploymentPostprocessing = 0;
		};
		5B4F85AA1871A4DC004695DA /* Sources */ = {
			isa = PBXSourcesBuildPhase;
			buildActionMask = 2147483647;
			files = (
				5BB7CD331879BE51006916AB /* OCAFoundationTest.m in Sources */,
				5BD8AEA21876B41200EE2029 /* OCAStructTest.m in Sources */,
				5BB7CD5A187B397E006916AB /* OCAQueueTest.m in Sources */,
				5BD9ED0D1873351C0069044C /* OCATransformerTest.m in Sources */,
				5BA8A6451875BD950012BA5D /* OCAMathTest.m in Sources */,
				5B097E5F1871BED0006240D8 /* OCAObjectTest.m in Sources */,
				5BD9ECED1871E1370069044C /* OCAConnectionTest.m in Sources */,
			);
			runOnlyForDeploymentPostprocessing = 0;
		};
/* End PBXSourcesBuildPhase section */

/* Begin PBXTargetDependency section */
		5B097E471871BE01006240D8 /* PBXTargetDependency */ = {
			isa = PBXTargetDependency;
			target = 5B097E311871BE01006240D8 /* OS X Library */;
			targetProxy = 5B097E461871BE01006240D8 /* PBXContainerItemProxy */;
		};
		5B4F85B51871A4DC004695DA /* PBXTargetDependency */ = {
			isa = PBXTargetDependency;
			target = 5B4F859D1871A4DB004695DA /* iOS Library */;
			targetProxy = 5B4F85B41871A4DC004695DA /* PBXContainerItemProxy */;
		};
/* End PBXTargetDependency section */

/* Begin XCBuildConfiguration section */
		5B097E521871BE01006240D8 /* Debug */ = {
			isa = XCBuildConfiguration;
			buildSettings = {
				ALWAYS_SEARCH_USER_PATHS = NO;
				CLANG_CXX_LANGUAGE_STANDARD = "gnu++0x";
				CLANG_CXX_LIBRARY = "libc++";
				COPY_PHASE_STRIP = NO;
				GCC_C_LANGUAGE_STANDARD = gnu99;
				GCC_DYNAMIC_NO_PIC = NO;
				GCC_OPTIMIZATION_LEVEL = 0;
				GCC_PREPROCESSOR_DEFINITIONS = (
					"DEBUG=1",
					"$(inherited)",
				);
				GCC_SYMBOLS_PRIVATE_EXTERN = NO;
				ONLY_ACTIVE_ARCH = YES;
				PRODUCT_NAME = "ObjectiveChain-OSX";
				SDKROOT = macosx;
			};
			name = Debug;
		};
		5B097E531871BE01006240D8 /* Release */ = {
			isa = XCBuildConfiguration;
			buildSettings = {
				ALWAYS_SEARCH_USER_PATHS = NO;
				CLANG_CXX_LANGUAGE_STANDARD = "gnu++0x";
				CLANG_CXX_LIBRARY = "libc++";
				COPY_PHASE_STRIP = YES;
				DEBUG_INFORMATION_FORMAT = "dwarf-with-dsym";
				GCC_C_LANGUAGE_STANDARD = gnu99;
				PRODUCT_NAME = "ObjectiveChain-OSX";
				SDKROOT = macosx;
			};
			name = Release;
		};
		5B097E551871BE01006240D8 /* Debug */ = {
			isa = XCBuildConfiguration;
			buildSettings = {
				ALWAYS_SEARCH_USER_PATHS = NO;
				CLANG_CXX_LANGUAGE_STANDARD = "gnu++0x";
				CLANG_CXX_LIBRARY = "libc++";
				COMBINE_HIDPI_IMAGES = YES;
				COPY_PHASE_STRIP = NO;
				ENABLE_NS_ASSERTIONS = NO;
				FRAMEWORK_SEARCH_PATHS = (
					"$(DEVELOPER_FRAMEWORKS_DIR)",
					"$(inherited)",
				);
				GCC_C_LANGUAGE_STANDARD = gnu99;
				GCC_DYNAMIC_NO_PIC = NO;
				GCC_ENABLE_OBJC_EXCEPTIONS = YES;
				GCC_OPTIMIZATION_LEVEL = 0;
				GCC_PRECOMPILE_PREFIX_HEADER = YES;
				GCC_PREFIX_HEADER = Tests/Prefix.pch;
				GCC_PREPROCESSOR_DEFINITIONS = (
					"DEBUG=1",
					"$(inherited)",
				);
				GCC_SYMBOLS_PRIVATE_EXTERN = NO;
				INFOPLIST_FILE = Tests/Info.plist;
				ONLY_ACTIVE_ARCH = YES;
				PRODUCT_NAME = "ObjectiveChain-OSX-Tests";
				SDKROOT = macosx;
				WRAPPER_EXTENSION = xctest;
			};
			name = Debug;
		};
		5B097E561871BE01006240D8 /* Release */ = {
			isa = XCBuildConfiguration;
			buildSettings = {
				ALWAYS_SEARCH_USER_PATHS = NO;
				CLANG_CXX_LANGUAGE_STANDARD = "gnu++0x";
				CLANG_CXX_LIBRARY = "libc++";
				COMBINE_HIDPI_IMAGES = YES;
				COPY_PHASE_STRIP = YES;
				DEBUG_INFORMATION_FORMAT = "dwarf-with-dsym";
				ENABLE_NS_ASSERTIONS = NO;
				FRAMEWORK_SEARCH_PATHS = (
					"$(DEVELOPER_FRAMEWORKS_DIR)",
					"$(inherited)",
				);
				GCC_C_LANGUAGE_STANDARD = gnu99;
				GCC_ENABLE_OBJC_EXCEPTIONS = YES;
				GCC_PRECOMPILE_PREFIX_HEADER = YES;
				GCC_PREFIX_HEADER = Tests/Prefix.pch;
				INFOPLIST_FILE = Tests/Info.plist;
				PRODUCT_NAME = "ObjectiveChain-OSX-Tests";
				SDKROOT = macosx;
				WRAPPER_EXTENSION = xctest;
			};
			name = Release;
		};
		5B2E8BC91871A23B008AC4B1 /* Debug */ = {
			isa = XCBuildConfiguration;
			buildSettings = {
				CLANG_ANALYZER_SECURITY_FLOATLOOPCOUNTER = YES;
				CLANG_ANALYZER_SECURITY_INSECUREAPI_RAND = YES;
				CLANG_ANALYZER_SECURITY_INSECUREAPI_STRCPY = YES;
				CLANG_ENABLE_MODULES = YES;
				CLANG_ENABLE_OBJC_ARC = YES;
				CLANG_WARN_BOOL_CONVERSION = YES;
				CLANG_WARN_CONSTANT_CONVERSION = YES;
				CLANG_WARN_DEPRECATED_OBJC_IMPLEMENTATIONS = YES;
				CLANG_WARN_DIRECT_OBJC_ISA_USAGE = YES_ERROR;
				CLANG_WARN_DOCUMENTATION_COMMENTS = YES;
				CLANG_WARN_EMPTY_BODY = YES;
				CLANG_WARN_ENUM_CONVERSION = YES;
				CLANG_WARN_INT_CONVERSION = YES;
				CLANG_WARN_OBJC_IMPLICIT_ATOMIC_PROPERTIES = YES;
				CLANG_WARN_OBJC_IMPLICIT_RETAIN_SELF = YES;
				CLANG_WARN_OBJC_REPEATED_USE_OF_WEAK = YES;
				CLANG_WARN_OBJC_ROOT_CLASS = YES_ERROR;
				CLANG_WARN__DUPLICATE_METHOD_MATCH = YES;
				GCC_TREAT_INCOMPATIBLE_POINTER_TYPE_WARNINGS_AS_ERRORS = YES;
				GCC_WARN_64_TO_32_BIT_CONVERSION = YES;
				GCC_WARN_ABOUT_MISSING_NEWLINE = YES;
				GCC_WARN_ABOUT_MISSING_PROTOTYPES = YES;
				GCC_WARN_ABOUT_RETURN_TYPE = YES_ERROR;
				GCC_WARN_UNDECLARED_SELECTOR = YES;
				GCC_WARN_UNINITIALIZED_AUTOS = YES;
				GCC_WARN_UNKNOWN_PRAGMAS = YES;
				GCC_WARN_UNUSED_FUNCTION = YES;
				GCC_WARN_UNUSED_LABEL = YES;
				GCC_WARN_UNUSED_VARIABLE = YES;
				IPHONEOS_DEPLOYMENT_TARGET = 6.1;
				MACOSX_DEPLOYMENT_TARGET = 10.8;
				OTHER_LDFLAGS = "-ObjC";
				RUN_CLANG_STATIC_ANALYZER = YES;
			};
			name = Debug;
		};
		5B2E8BCA1871A23B008AC4B1 /* Release */ = {
			isa = XCBuildConfiguration;
			buildSettings = {
				CLANG_ANALYZER_SECURITY_FLOATLOOPCOUNTER = YES;
				CLANG_ANALYZER_SECURITY_INSECUREAPI_RAND = YES;
				CLANG_ANALYZER_SECURITY_INSECUREAPI_STRCPY = YES;
				CLANG_ENABLE_MODULES = YES;
				CLANG_ENABLE_OBJC_ARC = YES;
				CLANG_WARN_BOOL_CONVERSION = YES;
				CLANG_WARN_CONSTANT_CONVERSION = YES;
				CLANG_WARN_DEPRECATED_OBJC_IMPLEMENTATIONS = YES;
				CLANG_WARN_DIRECT_OBJC_ISA_USAGE = YES_ERROR;
				CLANG_WARN_DOCUMENTATION_COMMENTS = YES;
				CLANG_WARN_EMPTY_BODY = YES;
				CLANG_WARN_ENUM_CONVERSION = YES;
				CLANG_WARN_INT_CONVERSION = YES;
				CLANG_WARN_OBJC_IMPLICIT_ATOMIC_PROPERTIES = YES;
				CLANG_WARN_OBJC_IMPLICIT_RETAIN_SELF = YES;
				CLANG_WARN_OBJC_REPEATED_USE_OF_WEAK = YES;
				CLANG_WARN_OBJC_ROOT_CLASS = YES_ERROR;
				CLANG_WARN__DUPLICATE_METHOD_MATCH = YES;
				ENABLE_NS_ASSERTIONS = NO;
				GCC_TREAT_INCOMPATIBLE_POINTER_TYPE_WARNINGS_AS_ERRORS = YES;
				GCC_WARN_64_TO_32_BIT_CONVERSION = YES;
				GCC_WARN_ABOUT_MISSING_NEWLINE = YES;
				GCC_WARN_ABOUT_MISSING_PROTOTYPES = YES;
				GCC_WARN_ABOUT_RETURN_TYPE = YES_ERROR;
				GCC_WARN_UNDECLARED_SELECTOR = YES;
				GCC_WARN_UNINITIALIZED_AUTOS = YES;
				GCC_WARN_UNKNOWN_PRAGMAS = YES;
				GCC_WARN_UNUSED_FUNCTION = YES;
				GCC_WARN_UNUSED_LABEL = YES;
				GCC_WARN_UNUSED_VARIABLE = YES;
				IPHONEOS_DEPLOYMENT_TARGET = 6.1;
				MACOSX_DEPLOYMENT_TARGET = 10.8;
				OTHER_LDFLAGS = "-ObjC";
				RUN_CLANG_STATIC_ANALYZER = YES;
			};
			name = Release;
		};
		5B4F85BF1871A4DC004695DA /* Debug */ = {
			isa = XCBuildConfiguration;
			buildSettings = {
				ALWAYS_SEARCH_USER_PATHS = NO;
				ARCHS = "$(ARCHS_STANDARD_INCLUDING_64_BIT)";
				CLANG_CXX_LANGUAGE_STANDARD = "gnu++0x";
				CLANG_CXX_LIBRARY = "libc++";
				COPY_PHASE_STRIP = NO;
				DSTROOT = /tmp/ObjectiveChain_iOS.dst;
				GCC_C_LANGUAGE_STANDARD = gnu99;
				GCC_DYNAMIC_NO_PIC = NO;
				GCC_OPTIMIZATION_LEVEL = 0;
				GCC_PREPROCESSOR_DEFINITIONS = (
					"DEBUG=1",
					"$(inherited)",
				);
				GCC_SYMBOLS_PRIVATE_EXTERN = NO;
				ONLY_ACTIVE_ARCH = YES;
				OTHER_LDFLAGS = "-ObjC";
				PRODUCT_NAME = "ObjectiveChain-iOS";
				SDKROOT = iphoneos;
				SKIP_INSTALL = YES;
			};
			name = Debug;
		};
		5B4F85C01871A4DC004695DA /* Release */ = {
			isa = XCBuildConfiguration;
			buildSettings = {
				ALWAYS_SEARCH_USER_PATHS = NO;
				ARCHS = "$(ARCHS_STANDARD_INCLUDING_64_BIT)";
				CLANG_CXX_LANGUAGE_STANDARD = "gnu++0x";
				CLANG_CXX_LIBRARY = "libc++";
				COPY_PHASE_STRIP = YES;
				DSTROOT = /tmp/ObjectiveChain_iOS.dst;
				GCC_C_LANGUAGE_STANDARD = gnu99;
				OTHER_LDFLAGS = "-ObjC";
				PRODUCT_NAME = "ObjectiveChain-iOS";
				SDKROOT = iphoneos;
				SKIP_INSTALL = YES;
				VALIDATE_PRODUCT = YES;
			};
			name = Release;
		};
		5B4F85C11871A4DC004695DA /* Debug */ = {
			isa = XCBuildConfiguration;
			buildSettings = {
				ALWAYS_SEARCH_USER_PATHS = NO;
				ARCHS = "$(ARCHS_STANDARD_INCLUDING_64_BIT)";
				CLANG_CXX_LANGUAGE_STANDARD = "gnu++0x";
				CLANG_CXX_LIBRARY = "libc++";
				COPY_PHASE_STRIP = NO;
				ENABLE_NS_ASSERTIONS = NO;
				FRAMEWORK_SEARCH_PATHS = (
					"$(SDKROOT)/Developer/Library/Frameworks",
					"$(inherited)",
					"$(DEVELOPER_FRAMEWORKS_DIR)",
				);
				GCC_C_LANGUAGE_STANDARD = gnu99;
				GCC_DYNAMIC_NO_PIC = NO;
				GCC_OPTIMIZATION_LEVEL = 0;
				GCC_PRECOMPILE_PREFIX_HEADER = YES;
				GCC_PREFIX_HEADER = Tests/Prefix.pch;
				GCC_PREPROCESSOR_DEFINITIONS = (
					"DEBUG=1",
					"$(inherited)",
				);
				GCC_SYMBOLS_PRIVATE_EXTERN = NO;
				INFOPLIST_FILE = Tests/Info.plist;
				ONLY_ACTIVE_ARCH = YES;
				PRODUCT_NAME = "ObjectiveChain-iOS-Tests";
				SDKROOT = iphoneos;
				WRAPPER_EXTENSION = xctest;
			};
			name = Debug;
		};
		5B4F85C21871A4DC004695DA /* Release */ = {
			isa = XCBuildConfiguration;
			buildSettings = {
				ALWAYS_SEARCH_USER_PATHS = NO;
				ARCHS = "$(ARCHS_STANDARD_INCLUDING_64_BIT)";
				CLANG_CXX_LANGUAGE_STANDARD = "gnu++0x";
				CLANG_CXX_LIBRARY = "libc++";
				COPY_PHASE_STRIP = YES;
				ENABLE_NS_ASSERTIONS = NO;
				FRAMEWORK_SEARCH_PATHS = (
					"$(SDKROOT)/Developer/Library/Frameworks",
					"$(inherited)",
					"$(DEVELOPER_FRAMEWORKS_DIR)",
				);
				GCC_C_LANGUAGE_STANDARD = gnu99;
				GCC_PRECOMPILE_PREFIX_HEADER = YES;
				GCC_PREFIX_HEADER = Tests/Prefix.pch;
				INFOPLIST_FILE = Tests/Info.plist;
				PRODUCT_NAME = "ObjectiveChain-iOS-Tests";
				SDKROOT = iphoneos;
				VALIDATE_PRODUCT = YES;
				WRAPPER_EXTENSION = xctest;
			};
			name = Release;
		};
		5BA8A63A18748E980012BA5D /* Testing */ = {
			isa = XCBuildConfiguration;
			buildSettings = {
				CLANG_ANALYZER_SECURITY_FLOATLOOPCOUNTER = YES;
				CLANG_ANALYZER_SECURITY_INSECUREAPI_RAND = YES;
				CLANG_ANALYZER_SECURITY_INSECUREAPI_STRCPY = YES;
				CLANG_ENABLE_MODULES = YES;
				CLANG_ENABLE_OBJC_ARC = YES;
				CLANG_WARN_BOOL_CONVERSION = YES;
				CLANG_WARN_CONSTANT_CONVERSION = YES;
				CLANG_WARN_DEPRECATED_OBJC_IMPLEMENTATIONS = YES;
				CLANG_WARN_DIRECT_OBJC_ISA_USAGE = YES_ERROR;
				CLANG_WARN_DOCUMENTATION_COMMENTS = YES;
				CLANG_WARN_EMPTY_BODY = YES;
				CLANG_WARN_ENUM_CONVERSION = YES;
				CLANG_WARN_INT_CONVERSION = YES;
				CLANG_WARN_OBJC_IMPLICIT_ATOMIC_PROPERTIES = YES;
				CLANG_WARN_OBJC_IMPLICIT_RETAIN_SELF = YES;
				CLANG_WARN_OBJC_REPEATED_USE_OF_WEAK = YES;
				CLANG_WARN_OBJC_ROOT_CLASS = YES_ERROR;
				CLANG_WARN__DUPLICATE_METHOD_MATCH = YES;
				ENABLE_NS_ASSERTIONS = NO;
				GCC_TREAT_INCOMPATIBLE_POINTER_TYPE_WARNINGS_AS_ERRORS = YES;
				GCC_WARN_64_TO_32_BIT_CONVERSION = YES;
				GCC_WARN_ABOUT_MISSING_NEWLINE = YES;
				GCC_WARN_ABOUT_MISSING_PROTOTYPES = YES;
				GCC_WARN_ABOUT_RETURN_TYPE = YES_ERROR;
				GCC_WARN_UNDECLARED_SELECTOR = YES;
				GCC_WARN_UNINITIALIZED_AUTOS = YES;
				GCC_WARN_UNKNOWN_PRAGMAS = YES;
				GCC_WARN_UNUSED_FUNCTION = YES;
				GCC_WARN_UNUSED_LABEL = YES;
				GCC_WARN_UNUSED_VARIABLE = YES;
				IPHONEOS_DEPLOYMENT_TARGET = 6.1;
				MACOSX_DEPLOYMENT_TARGET = 10.8;
				OTHER_LDFLAGS = "-ObjC";
				RUN_CLANG_STATIC_ANALYZER = YES;
			};
			name = Testing;
		};
		5BA8A63B18748E980012BA5D /* Testing */ = {
			isa = XCBuildConfiguration;
			buildSettings = {
				ALWAYS_SEARCH_USER_PATHS = NO;
				ARCHS = "$(ARCHS_STANDARD_INCLUDING_64_BIT)";
				CLANG_CXX_LANGUAGE_STANDARD = "gnu++0x";
				CLANG_CXX_LIBRARY = "libc++";
				COPY_PHASE_STRIP = NO;
				DSTROOT = /tmp/ObjectiveChain_iOS.dst;
				GCC_C_LANGUAGE_STANDARD = gnu99;
				GCC_DYNAMIC_NO_PIC = NO;
				GCC_OPTIMIZATION_LEVEL = 0;
				GCC_PREPROCESSOR_DEFINITIONS = (
					"DEBUG=1",
					"$(inherited)",
				);
				GCC_SYMBOLS_PRIVATE_EXTERN = NO;
				ONLY_ACTIVE_ARCH = YES;
				OTHER_LDFLAGS = "-ObjC";
				PRODUCT_NAME = "ObjectiveChain-iOS";
				SDKROOT = iphoneos;
				SKIP_INSTALL = YES;
			};
			name = Testing;
		};
		5BA8A63C18748E980012BA5D /* Testing */ = {
			isa = XCBuildConfiguration;
			buildSettings = {
				ALWAYS_SEARCH_USER_PATHS = NO;
				ARCHS = "$(ARCHS_STANDARD_INCLUDING_64_BIT)";
				CLANG_CXX_LANGUAGE_STANDARD = "gnu++0x";
				CLANG_CXX_LIBRARY = "libc++";
				COPY_PHASE_STRIP = NO;
				ENABLE_NS_ASSERTIONS = NO;
				FRAMEWORK_SEARCH_PATHS = (
					"$(SDKROOT)/Developer/Library/Frameworks",
					"$(inherited)",
					"$(DEVELOPER_FRAMEWORKS_DIR)",
				);
				GCC_C_LANGUAGE_STANDARD = gnu99;
				GCC_DYNAMIC_NO_PIC = NO;
				GCC_OPTIMIZATION_LEVEL = 0;
				GCC_PRECOMPILE_PREFIX_HEADER = YES;
				GCC_PREFIX_HEADER = Tests/Prefix.pch;
				GCC_PREPROCESSOR_DEFINITIONS = (
					"DEBUG=1",
					"$(inherited)",
				);
				GCC_SYMBOLS_PRIVATE_EXTERN = NO;
				INFOPLIST_FILE = Tests/Info.plist;
				ONLY_ACTIVE_ARCH = YES;
				PRODUCT_NAME = "ObjectiveChain-iOS-Tests";
				SDKROOT = iphoneos;
				WRAPPER_EXTENSION = xctest;
			};
			name = Testing;
		};
		5BA8A63D18748E980012BA5D /* Testing */ = {
			isa = XCBuildConfiguration;
			buildSettings = {
				ALWAYS_SEARCH_USER_PATHS = NO;
				CLANG_CXX_LANGUAGE_STANDARD = "gnu++0x";
				CLANG_CXX_LIBRARY = "libc++";
				COPY_PHASE_STRIP = NO;
				GCC_C_LANGUAGE_STANDARD = gnu99;
				GCC_DYNAMIC_NO_PIC = NO;
				GCC_OPTIMIZATION_LEVEL = 0;
				GCC_PREPROCESSOR_DEFINITIONS = (
					"DEBUG=1",
					"$(inherited)",
				);
				GCC_SYMBOLS_PRIVATE_EXTERN = NO;
				ONLY_ACTIVE_ARCH = YES;
				PRODUCT_NAME = "ObjectiveChain-OSX";
				SDKROOT = macosx;
			};
			name = Testing;
		};
		5BA8A63E18748E980012BA5D /* Testing */ = {
			isa = XCBuildConfiguration;
			buildSettings = {
				ALWAYS_SEARCH_USER_PATHS = NO;
				CLANG_CXX_LANGUAGE_STANDARD = "gnu++0x";
				CLANG_CXX_LIBRARY = "libc++";
				COMBINE_HIDPI_IMAGES = YES;
				COPY_PHASE_STRIP = NO;
				ENABLE_NS_ASSERTIONS = NO;
				FRAMEWORK_SEARCH_PATHS = (
					"$(DEVELOPER_FRAMEWORKS_DIR)",
					"$(inherited)",
				);
				GCC_C_LANGUAGE_STANDARD = gnu99;
				GCC_DYNAMIC_NO_PIC = NO;
				GCC_ENABLE_OBJC_EXCEPTIONS = YES;
				GCC_OPTIMIZATION_LEVEL = 0;
				GCC_PRECOMPILE_PREFIX_HEADER = YES;
				GCC_PREFIX_HEADER = Tests/Prefix.pch;
				GCC_PREPROCESSOR_DEFINITIONS = (
					"DEBUG=1",
					"$(inherited)",
				);
				GCC_SYMBOLS_PRIVATE_EXTERN = NO;
				INFOPLIST_FILE = Tests/Info.plist;
				ONLY_ACTIVE_ARCH = YES;
				PRODUCT_NAME = "ObjectiveChain-OSX-Tests";
				SDKROOT = macosx;
				WRAPPER_EXTENSION = xctest;
			};
			name = Testing;
		};
/* End XCBuildConfiguration section */

/* Begin XCConfigurationList section */
		5B097E511871BE01006240D8 /* Build configuration list for PBXNativeTarget "OS X Library" */ = {
			isa = XCConfigurationList;
			buildConfigurations = (
				5B097E521871BE01006240D8 /* Debug */,
				5BA8A63D18748E980012BA5D /* Testing */,
				5B097E531871BE01006240D8 /* Release */,
			);
			defaultConfigurationIsVisible = 0;
			defaultConfigurationName = Release;
		};
		5B097E541871BE01006240D8 /* Build configuration list for PBXNativeTarget "OS X Tests" */ = {
			isa = XCConfigurationList;
			buildConfigurations = (
				5B097E551871BE01006240D8 /* Debug */,
				5BA8A63E18748E980012BA5D /* Testing */,
				5B097E561871BE01006240D8 /* Release */,
			);
			defaultConfigurationIsVisible = 0;
			defaultConfigurationName = Release;
		};
		5B2E8BC81871A23B008AC4B1 /* Build configuration list for PBXProject "Objective-Chain" */ = {
			isa = XCConfigurationList;
			buildConfigurations = (
				5B2E8BC91871A23B008AC4B1 /* Debug */,
				5BA8A63A18748E980012BA5D /* Testing */,
				5B2E8BCA1871A23B008AC4B1 /* Release */,
			);
			defaultConfigurationIsVisible = 0;
			defaultConfigurationName = Release;
		};
		5B4F85C31871A4DC004695DA /* Build configuration list for PBXNativeTarget "iOS Library" */ = {
			isa = XCConfigurationList;
			buildConfigurations = (
				5B4F85BF1871A4DC004695DA /* Debug */,
				5BA8A63B18748E980012BA5D /* Testing */,
				5B4F85C01871A4DC004695DA /* Release */,
			);
			defaultConfigurationIsVisible = 0;
			defaultConfigurationName = Release;
		};
		5B4F85C41871A4DC004695DA /* Build configuration list for PBXNativeTarget "iOS Tests" */ = {
			isa = XCConfigurationList;
			buildConfigurations = (
				5B4F85C11871A4DC004695DA /* Debug */,
				5BA8A63C18748E980012BA5D /* Testing */,
				5B4F85C21871A4DC004695DA /* Release */,
			);
			defaultConfigurationIsVisible = 0;
			defaultConfigurationName = Release;
		};
/* End XCConfigurationList section */
	};
	rootObject = 5B2E8BC51871A23B008AC4B1 /* Project object */;
}
